
Microsoft Visual Studio Solution File, Format Version 12.00
# Visual Studio 15
VisualStudioVersion = 15.0.27130.2003
MinimumVisualStudioVersion = 10.0.40219.1
Project("{E24C65DC-7377-472B-9ABA-BC803B73C61A}") = "IS2", ".", "{075812CE-C448-462D-BA84-79B1CAA7B1DA}"
	ProjectSection(WebsiteProperties) = preProject
		TargetFrameworkMoniker = ".NETFramework,Version%3Dv4.0"
		Debug.AspNetCompiler.VirtualPath = "/localhost_55300"
		Debug.AspNetCompiler.PhysicalPath = "..\IS2\"
		Debug.AspNetCompiler.TargetPath = "PrecompiledWeb\localhost_55300\"
		Debug.AspNetCompiler.Updateable = "true"
		Debug.AspNetCompiler.ForceOverwrite = "true"
		Debug.AspNetCompiler.FixedNames = "false"
		Debug.AspNetCompiler.Debug = "True"
		Release.AspNetCompiler.VirtualPath = "/localhost_55300"
		Release.AspNetCompiler.PhysicalPath = "..\IS2\"
		Release.AspNetCompiler.TargetPath = "PrecompiledWeb\localhost_55300\"
		Release.AspNetCompiler.Updateable = "true"
		Release.AspNetCompiler.ForceOverwrite = "true"
		Release.AspNetCompiler.FixedNames = "false"
		Release.AspNetCompiler.Debug = "False"
		VWDPort = "55300"
		SlnRelativePath = "..\IS2\"
	EndProjectSection
EndProject
Global
	GlobalSection(SolutionConfigurationPlatforms) = preSolution
		Debug|Any CPU = Debug|Any CPU
	EndGlobalSection
	GlobalSection(ProjectConfigurationPlatforms) = postSolution
		{075812CE-C448-462D-BA84-79B1CAA7B1DA}.Debug|Any CPU.ActiveCfg = Debug|Any CPU
		{075812CE-C448-462D-BA84-79B1CAA7B1DA}.Debug|Any CPU.Build.0 = Debug|Any CPU
	EndGlobalSection
	GlobalSection(SolutionProperties) = preSolution
		HideSolutionNode = FALSE
	EndGlobalSection
	GlobalSection(ExtensibilityGlobals) = postSolution
		SolutionGuid = {D06333A0-DF5B-462D-A3ED-ACE03A588C01}
	EndGlobalSection
EndGlobal
